
Microsoft Visual Studio Solution File, Format Version 12.00
# Visual Studio Version 17
VisualStudioVersion = 17.11.35327.3
MinimumVisualStudioVersion = 10.0.40219.1
Project("{FAE04EC0-301F-11D3-BF4B-00C04F79EFBC}") = "WpfApp1", "WpfApp1\WpfApp1.csproj", "{2C24A812-271A-45AD-8CB0-8C0F5CCB474A}"
EndProject
Global
	GlobalSection(SolutionConfigurationPlatforms) = preSolution
		Debug|Any CPU = Debug|Any CPU
		Release|Any CPU = Release|Any CPU
	EndGlobalSection
	GlobalSection(ProjectConfigurationPlatforms) = postSolution
		{2C24A812-271A-45AD-8CB0-8C0F5CCB474A}.Debug|Any CPU.ActiveCfg = Debug|Any CPU
		{2C24A812-271A-45AD-8CB0-8C0F5CCB474A}.Debug|Any CPU.Build.0 = Debug|Any CPU
		{2C24A812-271A-45AD-8CB0-8C0F5CCB474A}.Release|Any CPU.ActiveCfg = Release|Any CPU
		{2C24A812-271A-45AD-8CB0-8C0F5CCB474A}.Release|Any CPU.Build.0 = Release|Any CPU
	EndGlobalSection
	GlobalSection(SolutionProperties) = preSolution
		HideSolutionNode = FALSE
	EndGlobalSection
	GlobalSection(ExtensibilityGlobals) = postSolution
		SolutionGuid = {D9616362-A164-4024-8414-F93ECA703F9B}
	EndGlobalSection
EndGlobal
